// !$*UTF8*$!
{
	archiveVersion = 1;
	classes = {
	};
	objectVersion = 50;
	objects = {

/* Begin PBXBuildFile section */
		28175E0122126F0B00C7536F /* ProfileViewController.swift in Sources */ = {isa = PBXBuildFile; fileRef = 28175E0022126F0B00C7536F /* ProfileViewController.swift */; };
		28175E0322126F1900C7536F /* NewPostViewController.swift in Sources */ = {isa = PBXBuildFile; fileRef = 28175E0222126F1900C7536F /* NewPostViewController.swift */; };
		284E050F2214B5DA00B8C4D5 /* SearchViewController.swift in Sources */ = {isa = PBXBuildFile; fileRef = 284E050E2214B5DA00B8C4D5 /* SearchViewController.swift */; };
		2857F45B2219E7A100FF57F9 /* UserViewController.swift in Sources */ = {isa = PBXBuildFile; fileRef = 2857F45A2219E7A100FF57F9 /* UserViewController.swift */; };
		28A92ECD2214979500878C8B /* AddWorkoutViewController.swift in Sources */ = {isa = PBXBuildFile; fileRef = 28A92ECC2214979500878C8B /* AddWorkoutViewController.swift */; };
		28A92ECF221497B000878C8B /* AddMealViewController.swift in Sources */ = {isa = PBXBuildFile; fileRef = 28A92ECE221497B000878C8B /* AddMealViewController.swift */; };
		28A92ED12214A8A300878C8B /* FollowingViewController.swift in Sources */ = {isa = PBXBuildFile; fileRef = 28A92ED02214A8A300878C8B /* FollowingViewController.swift */; };
		28ACAB892216664F0049DE43 /* SearchData.swift in Sources */ = {isa = PBXBuildFile; fileRef = 28ACAB882216664F0049DE43 /* SearchData.swift */; };
		28E6B831221227BE00658B9C /* AppDelegate.swift in Sources */ = {isa = PBXBuildFile; fileRef = 28E6B830221227BE00658B9C /* AppDelegate.swift */; };
		28E6B833221227BE00658B9C /* ViewController.swift in Sources */ = {isa = PBXBuildFile; fileRef = 28E6B832221227BE00658B9C /* ViewController.swift */; };
		28E6B836221227BE00658B9C /* Main.storyboard in Resources */ = {isa = PBXBuildFile; fileRef = 28E6B834221227BE00658B9C /* Main.storyboard */; };
		28E6B838221227BF00658B9C /* Assets.xcassets in Resources */ = {isa = PBXBuildFile; fileRef = 28E6B837221227BF00658B9C /* Assets.xcassets */; };
		28E6B83B221227BF00658B9C /* LaunchScreen.storyboard in Resources */ = {isa = PBXBuildFile; fileRef = 28E6B839221227BF00658B9C /* LaunchScreen.storyboard */; };
		A2E7C789E20936A051808BE9 /* Pods_BFit.framework in Frameworks */ = {isa = PBXBuildFile; fileRef = 89BD0C472D7871616B812797 /* Pods_BFit.framework */; };
		AA0CE76F2214B72C009ED79E /* FollowingMockData.swift in Sources */ = {isa = PBXBuildFile; fileRef = AA0CE76E2214B72C009ED79E /* FollowingMockData.swift */; };
		AA0CE7712214B80F009ED79E /* User.swift in Sources */ = {isa = PBXBuildFile; fileRef = AA0CE7702214B80F009ED79E /* User.swift */; };
		AA0CE77522160A97009ED79E /* Muscles.swift in Sources */ = {isa = PBXBuildFile; fileRef = AA0CE77422160A97009ED79E /* Muscles.swift */; };
		AA0CE77B221A052D009ED79E /* WelcomeViewController.swift in Sources */ = {isa = PBXBuildFile; fileRef = AA0CE77A221A052D009ED79E /* WelcomeViewController.swift */; };
		AA0CE77D221A0834009ED79E /* LoginViewController.swift in Sources */ = {isa = PBXBuildFile; fileRef = AA0CE77C221A0834009ED79E /* LoginViewController.swift */; };
		AA0CE77F221A084F009ED79E /* SignupViewController.swift in Sources */ = {isa = PBXBuildFile; fileRef = AA0CE77E221A084F009ED79E /* SignupViewController.swift */; };
		AA0CE781221A1E25009ED79E /* HomeViewController.swift in Sources */ = {isa = PBXBuildFile; fileRef = AA0CE780221A1E25009ED79E /* HomeViewController.swift */; };
/* End PBXBuildFile section */

/* Begin PBXFileReference section */
		28175E0022126F0B00C7536F /* ProfileViewController.swift */ = {isa = PBXFileReference; lastKnownFileType = sourcecode.swift; path = ProfileViewController.swift; sourceTree = "<group>"; };
		28175E0222126F1900C7536F /* NewPostViewController.swift */ = {isa = PBXFileReference; lastKnownFileType = sourcecode.swift; path = NewPostViewController.swift; sourceTree = "<group>"; };
		284E050E2214B5DA00B8C4D5 /* SearchViewController.swift */ = {isa = PBXFileReference; lastKnownFileType = sourcecode.swift; path = SearchViewController.swift; sourceTree = "<group>"; };
		2857F45A2219E7A100FF57F9 /* UserViewController.swift */ = {isa = PBXFileReference; lastKnownFileType = sourcecode.swift; path = UserViewController.swift; sourceTree = "<group>"; };
		28A92ECC2214979500878C8B /* AddWorkoutViewController.swift */ = {isa = PBXFileReference; lastKnownFileType = sourcecode.swift; path = AddWorkoutViewController.swift; sourceTree = "<group>"; };
		28A92ECE221497B000878C8B /* AddMealViewController.swift */ = {isa = PBXFileReference; lastKnownFileType = sourcecode.swift; path = AddMealViewController.swift; sourceTree = "<group>"; };
		28A92ED02214A8A300878C8B /* FollowingViewController.swift */ = {isa = PBXFileReference; lastKnownFileType = sourcecode.swift; path = FollowingViewController.swift; sourceTree = "<group>"; };
		28ACAB882216664F0049DE43 /* SearchData.swift */ = {isa = PBXFileReference; lastKnownFileType = sourcecode.swift; path = SearchData.swift; sourceTree = "<group>"; };
		28E6B82D221227BE00658B9C /* BFit.app */ = {isa = PBXFileReference; explicitFileType = wrapper.application; includeInIndex = 0; path = BFit.app; sourceTree = BUILT_PRODUCTS_DIR; };
		28E6B830221227BE00658B9C /* AppDelegate.swift */ = {isa = PBXFileReference; lastKnownFileType = sourcecode.swift; path = AppDelegate.swift; sourceTree = "<group>"; };
		28E6B832221227BE00658B9C /* ViewController.swift */ = {isa = PBXFileReference; lastKnownFileType = sourcecode.swift; path = ViewController.swift; sourceTree = "<group>"; };
		28E6B835221227BE00658B9C /* Base */ = {isa = PBXFileReference; lastKnownFileType = file.storyboard; name = Base; path = Base.lproj/Main.storyboard; sourceTree = "<group>"; };
		28E6B837221227BF00658B9C /* Assets.xcassets */ = {isa = PBXFileReference; lastKnownFileType = folder.assetcatalog; path = Assets.xcassets; sourceTree = "<group>"; };
		28E6B83A221227BF00658B9C /* Base */ = {isa = PBXFileReference; lastKnownFileType = file.storyboard; name = Base; path = Base.lproj/LaunchScreen.storyboard; sourceTree = "<group>"; };
		28E6B83C221227BF00658B9C /* Info.plist */ = {isa = PBXFileReference; lastKnownFileType = text.plist.xml; path = Info.plist; sourceTree = "<group>"; };
		89BD0C472D7871616B812797 /* Pods_BFit.framework */ = {isa = PBXFileReference; explicitFileType = wrapper.framework; includeInIndex = 0; path = Pods_BFit.framework; sourceTree = BUILT_PRODUCTS_DIR; };
		AA0CE76E2214B72C009ED79E /* FollowingMockData.swift */ = {isa = PBXFileReference; lastKnownFileType = sourcecode.swift; path = FollowingMockData.swift; sourceTree = "<group>"; };
		AA0CE7702214B80F009ED79E /* User.swift */ = {isa = PBXFileReference; lastKnownFileType = sourcecode.swift; path = User.swift; sourceTree = "<group>"; };
		AA0CE77422160A97009ED79E /* Muscles.swift */ = {isa = PBXFileReference; lastKnownFileType = sourcecode.swift; path = Muscles.swift; sourceTree = "<group>"; };
		AA0CE77A221A052D009ED79E /* WelcomeViewController.swift */ = {isa = PBXFileReference; lastKnownFileType = sourcecode.swift; path = WelcomeViewController.swift; sourceTree = "<group>"; };
		AA0CE77C221A0834009ED79E /* LoginViewController.swift */ = {isa = PBXFileReference; lastKnownFileType = sourcecode.swift; path = LoginViewController.swift; sourceTree = "<group>"; };
		AA0CE77E221A084F009ED79E /* SignupViewController.swift */ = {isa = PBXFileReference; lastKnownFileType = sourcecode.swift; path = SignupViewController.swift; sourceTree = "<group>"; };
		AA0CE780221A1E25009ED79E /* HomeViewController.swift */ = {isa = PBXFileReference; lastKnownFileType = sourcecode.swift; path = HomeViewController.swift; sourceTree = "<group>"; };
		B76C7B66EEC4572EF706644A /* Pods-BFit.debug.xcconfig */ = {isa = PBXFileReference; includeInIndex = 1; lastKnownFileType = text.xcconfig; name = "Pods-BFit.debug.xcconfig"; path = "Pods/Target Support Files/Pods-BFit/Pods-BFit.debug.xcconfig"; sourceTree = "<group>"; };
		BFA189CA498C22D60C78C24D /* Pods-BFit.release.xcconfig */ = {isa = PBXFileReference; includeInIndex = 1; lastKnownFileType = text.xcconfig; name = "Pods-BFit.release.xcconfig"; path = "Pods/Target Support Files/Pods-BFit/Pods-BFit.release.xcconfig"; sourceTree = "<group>"; };
/* End PBXFileReference section */

/* Begin PBXFrameworksBuildPhase section */
		28E6B82A221227BE00658B9C /* Frameworks */ = {
			isa = PBXFrameworksBuildPhase;
			buildActionMask = 2147483647;
			files = (
				A2E7C789E20936A051808BE9 /* Pods_BFit.framework in Frameworks */,
			);
			runOnlyForDeploymentPostprocessing = 0;
		};
/* End PBXFrameworksBuildPhase section */

/* Begin PBXGroup section */
		28A92ED22214B25700878C8B /* Controller */ = {
			isa = PBXGroup;
			children = (
				28E6B830221227BE00658B9C /* AppDelegate.swift */,
				28175E0022126F0B00C7536F /* ProfileViewController.swift */,
				28A92ECC2214979500878C8B /* AddWorkoutViewController.swift */,
				28175E0222126F1900C7536F /* NewPostViewController.swift */,
				284E050E2214B5DA00B8C4D5 /* SearchViewController.swift */,
				28A92ED02214A8A300878C8B /* FollowingViewController.swift */,
				28E6B832221227BE00658B9C /* ViewController.swift */,
				28A92ECE221497B000878C8B /* AddMealViewController.swift */,
				2857F45A2219E7A100FF57F9 /* UserViewController.swift */,
				AA0CE77A221A052D009ED79E /* WelcomeViewController.swift */,
				AA0CE77C221A0834009ED79E /* LoginViewController.swift */,
				AA0CE77E221A084F009ED79E /* SignupViewController.swift */,
				AA0CE780221A1E25009ED79E /* HomeViewController.swift */,
			);
			path = Controller;
			sourceTree = "<group>";
		};
		28A92ED42214B29C00878C8B /* View */ = {
			isa = PBXGroup;
			children = (
				28E6B834221227BE00658B9C /* Main.storyboard */,
				28E6B839221227BF00658B9C /* LaunchScreen.storyboard */,
				28E6B837221227BF00658B9C /* Assets.xcassets */,
			);
			name = View;
			path = "New Group";
			sourceTree = "<group>";
		};
		28E6B824221227BE00658B9C = {
			isa = PBXGroup;
			children = (
				28E6B82F221227BE00658B9C /* BFit */,
				28E6B82E221227BE00658B9C /* Products */,
				FD0FEB87B86546D8BCD4621F /* Pods */,
				34B27F37FF0B03B5C7FFD6F2 /* Frameworks */,
			);
			sourceTree = "<group>";
		};
		28E6B82E221227BE00658B9C /* Products */ = {
			isa = PBXGroup;
			children = (
				28E6B82D221227BE00658B9C /* BFit.app */,
			);
			name = Products;
			sourceTree = "<group>";
		};
		28E6B82F221227BE00658B9C /* BFit */ = {
			isa = PBXGroup;
			children = (
				AA0CE76D2214B708009ED79E /* Model */,
				28A92ED42214B29C00878C8B /* View */,
				28A92ED22214B25700878C8B /* Controller */,
				28E6B83C221227BF00658B9C /* Info.plist */,
			);
			path = BFit;
			sourceTree = "<group>";
		};
		34B27F37FF0B03B5C7FFD6F2 /* Frameworks */ = {
			isa = PBXGroup;
			children = (
				89BD0C472D7871616B812797 /* Pods_BFit.framework */,
			);
			name = Frameworks;
			sourceTree = "<group>";
		};
		AA0CE76D2214B708009ED79E /* Model */ = {
			isa = PBXGroup;
			children = (
				AA0CE76E2214B72C009ED79E /* FollowingMockData.swift */,
				AA0CE7702214B80F009ED79E /* User.swift */,
				AA0CE77422160A97009ED79E /* Muscles.swift */,
				28ACAB882216664F0049DE43 /* SearchData.swift */,
			);
			path = Model;
			sourceTree = "<group>";
		};
		FD0FEB87B86546D8BCD4621F /* Pods */ = {
			isa = PBXGroup;
			children = (
				B76C7B66EEC4572EF706644A /* Pods-BFit.debug.xcconfig */,
				BFA189CA498C22D60C78C24D /* Pods-BFit.release.xcconfig */,
			);
			name = Pods;
			sourceTree = "<group>";
		};
/* End PBXGroup section */

/* Begin PBXNativeTarget section */
		28E6B82C221227BE00658B9C /* BFit */ = {
			isa = PBXNativeTarget;
			buildConfigurationList = 28E6B83F221227BF00658B9C /* Build configuration list for PBXNativeTarget "BFit" */;
			buildPhases = (
				E95103DFC7FE1BE1AF80BD27 /* [CP] Check Pods Manifest.lock */,
				28E6B829221227BE00658B9C /* Sources */,
				28E6B82A221227BE00658B9C /* Frameworks */,
				28E6B82B221227BE00658B9C /* Resources */,
				64216863C83890FA25F99352 /* [CP] Embed Pods Frameworks */,
			);
			buildRules = (
			);
			dependencies = (
			);
			name = BFit;
			productName = BFit;
			productReference = 28E6B82D221227BE00658B9C /* BFit.app */;
			productType = "com.apple.product-type.application";
		};
/* End PBXNativeTarget section */

/* Begin PBXProject section */
		28E6B825221227BE00658B9C /* Project object */ = {
			isa = PBXProject;
			attributes = {
				LastSwiftUpdateCheck = 1010;
				LastUpgradeCheck = 1010;
				ORGANIZATIONNAME = "Jamie Rushford";
				TargetAttributes = {
					28E6B82C221227BE00658B9C = {
						CreatedOnToolsVersion = 10.1;
					};
				};
			};
			buildConfigurationList = 28E6B828221227BE00658B9C /* Build configuration list for PBXProject "BFit" */;
			compatibilityVersion = "Xcode 9.3";
			developmentRegion = en;
			hasScannedForEncodings = 0;
			knownRegions = (
				en,
				Base,
			);
			mainGroup = 28E6B824221227BE00658B9C;
			productRefGroup = 28E6B82E221227BE00658B9C /* Products */;
			projectDirPath = "";
			projectRoot = "";
			targets = (
				28E6B82C221227BE00658B9C /* BFit */,
			);
		};
/* End PBXProject section */

/* Begin PBXResourcesBuildPhase section */
		28E6B82B221227BE00658B9C /* Resources */ = {
			isa = PBXResourcesBuildPhase;
			buildActionMask = 2147483647;
			files = (
				28E6B83B221227BF00658B9C /* LaunchScreen.storyboard in Resources */,
				28E6B838221227BF00658B9C /* Assets.xcassets in Resources */,
				28E6B836221227BE00658B9C /* Main.storyboard in Resources */,
			);
			runOnlyForDeploymentPostprocessing = 0;
		};
/* End PBXResourcesBuildPhase section */

/* Begin PBXShellScriptBuildPhase section */
		64216863C83890FA25F99352 /* [CP] Embed Pods Frameworks */ = {
			isa = PBXShellScriptBuildPhase;
			buildActionMask = 2147483647;
			files = (
			);
			inputFileListPaths = (
			);
			inputPaths = (
				"${SRCROOT}/Pods/Target Support Files/Pods-BFit/Pods-BFit-frameworks.sh",
				"${BUILT_PRODUCTS_DIR}/Alamofire/Alamofire.framework",
				"${BUILT_PRODUCTS_DIR}/SwiftyJSON/SwiftyJSON.framework",
			);
			name = "[CP] Embed Pods Frameworks";
			outputFileListPaths = (
			);
			outputPaths = (
				"${TARGET_BUILD_DIR}/${FRAMEWORKS_FOLDER_PATH}/Alamofire.framework",
				"${TARGET_BUILD_DIR}/${FRAMEWORKS_FOLDER_PATH}/SwiftyJSON.framework",
			);
			runOnlyForDeploymentPostprocessing = 0;
			shellPath = /bin/sh;
			shellScript = "\"${SRCROOT}/Pods/Target Support Files/Pods-BFit/Pods-BFit-frameworks.sh\"\n";
			showEnvVarsInLog = 0;
		};
		E95103DFC7FE1BE1AF80BD27 /* [CP] Check Pods Manifest.lock */ = {
			isa = PBXShellScriptBuildPhase;
			buildActionMask = 2147483647;
			files = (
			);
			inputFileListPaths = (
			);
			inputPaths = (
				"${PODS_PODFILE_DIR_PATH}/Podfile.lock",
				"${PODS_ROOT}/Manifest.lock",
			);
			name = "[CP] Check Pods Manifest.lock";
			outputFileListPaths = (
			);
			outputPaths = (
				"$(DERIVED_FILE_DIR)/Pods-BFit-checkManifestLockResult.txt",
			);
			runOnlyForDeploymentPostprocessing = 0;
			shellPath = /bin/sh;
			shellScript = "diff \"${PODS_PODFILE_DIR_PATH}/Podfile.lock\" \"${PODS_ROOT}/Manifest.lock\" > /dev/null\nif [ $? != 0 ] ; then\n    # print error to STDERR\n    echo \"error: The sandbox is not in sync with the Podfile.lock. Run 'pod install' or update your CocoaPods installation.\" >&2\n    exit 1\nfi\n# This output is used by Xcode 'outputs' to avoid re-running this script phase.\necho \"SUCCESS\" > \"${SCRIPT_OUTPUT_FILE_0}\"\n";
			showEnvVarsInLog = 0;
		};
/* End PBXShellScriptBuildPhase section */

/* Begin PBXSourcesBuildPhase section */
		28E6B829221227BE00658B9C /* Sources */ = {
			isa = PBXSourcesBuildPhase;
			buildActionMask = 2147483647;
			files = (
				AA0CE77F221A084F009ED79E /* SignupViewController.swift in Sources */,
				28A92ED12214A8A300878C8B /* FollowingViewController.swift in Sources */,
				AA0CE781221A1E25009ED79E /* HomeViewController.swift in Sources */,
				2857F45B2219E7A100FF57F9 /* UserViewController.swift in Sources */,
				AA0CE76F2214B72C009ED79E /* FollowingMockData.swift in Sources */,
				28E6B833221227BE00658B9C /* ViewController.swift in Sources */,
				284E050F2214B5DA00B8C4D5 /* SearchViewController.swift in Sources */,
				28A92ECD2214979500878C8B /* AddWorkoutViewController.swift in Sources */,
				28175E0122126F0B00C7536F /* ProfileViewController.swift in Sources */,
				28A92ECF221497B000878C8B /* AddMealViewController.swift in Sources */,
				28E6B831221227BE00658B9C /* AppDelegate.swift in Sources */,
				28ACAB892216664F0049DE43 /* SearchData.swift in Sources */,
				AA0CE77B221A052D009ED79E /* WelcomeViewController.swift in Sources */,
				AA0CE77D221A0834009ED79E /* LoginViewController.swift in Sources */,
				AA0CE7712214B80F009ED79E /* User.swift in Sources */,
				AA0CE77522160A97009ED79E /* Muscles.swift in Sources */,
				28175E0322126F1900C7536F /* NewPostViewController.swift in Sources */,
			);
			runOnlyForDeploymentPostprocessing = 0;
		};
/* End PBXSourcesBuildPhase section */

/* Begin PBXVariantGroup section */
		28E6B834221227BE00658B9C /* Main.storyboard */ = {
			isa = PBXVariantGroup;
			children = (
				28E6B835221227BE00658B9C /* Base */,
			);
			name = Main.storyboard;
			sourceTree = "<group>";
		};
		28E6B839221227BF00658B9C /* LaunchScreen.storyboard */ = {
			isa = PBXVariantGroup;
			children = (
				28E6B83A221227BF00658B9C /* Base */,
			);
			name = LaunchScreen.storyboard;
			sourceTree = "<group>";
		};
/* End PBXVariantGroup section */

/* Begin XCBuildConfiguration section */
		28E6B83D221227BF00658B9C /* Debug */ = {
			isa = XCBuildConfiguration;
			buildSettings = {
				ALWAYS_SEARCH_USER_PATHS = NO;
				CLANG_ANALYZER_NONNULL = YES;
				CLANG_ANALYZER_NUMBER_OBJECT_CONVERSION = YES_AGGRESSIVE;
				CLANG_CXX_LANGUAGE_STANDARD = "gnu++14";
				CLANG_CXX_LIBRARY = "libc++";
				CLANG_ENABLE_MODULES = YES;
				CLANG_ENABLE_OBJC_ARC = YES;
				CLANG_ENABLE_OBJC_WEAK = YES;
				CLANG_WARN_BLOCK_CAPTURE_AUTORELEASING = YES;
				CLANG_WARN_BOOL_CONVERSION = YES;
				CLANG_WARN_COMMA = YES;
				CLANG_WARN_CONSTANT_CONVERSION = YES;
				CLANG_WARN_DEPRECATED_OBJC_IMPLEMENTATIONS = YES;
				CLANG_WARN_DIRECT_OBJC_ISA_USAGE = YES_ERROR;
				CLANG_WARN_DOCUMENTATION_COMMENTS = YES;
				CLANG_WARN_EMPTY_BODY = YES;
				CLANG_WARN_ENUM_CONVERSION = YES;
				CLANG_WARN_INFINITE_RECURSION = YES;
				CLANG_WARN_INT_CONVERSION = YES;
				CLANG_WARN_NON_LITERAL_NULL_CONVERSION = YES;
				CLANG_WARN_OBJC_IMPLICIT_RETAIN_SELF = YES;
				CLANG_WARN_OBJC_LITERAL_CONVERSION = YES;
				CLANG_WARN_OBJC_ROOT_CLASS = YES_ERROR;
				CLANG_WARN_RANGE_LOOP_ANALYSIS = YES;
				CLANG_WARN_STRICT_PROTOTYPES = YES;
				CLANG_WARN_SUSPICIOUS_MOVE = YES;
				CLANG_WARN_UNGUARDED_AVAILABILITY = YES_AGGRESSIVE;
				CLANG_WARN_UNREACHABLE_CODE = YES;
				CLANG_WARN__DUPLICATE_METHOD_MATCH = YES;
				CODE_SIGN_IDENTITY = "iPhone Developer";
				COPY_PHASE_STRIP = NO;
				DEBUG_INFORMATION_FORMAT = dwarf;
				ENABLE_STRICT_OBJC_MSGSEND = YES;
				ENABLE_TESTABILITY = YES;
				GCC_C_LANGUAGE_STANDARD = gnu11;
				GCC_DYNAMIC_NO_PIC = NO;
				GCC_NO_COMMON_BLOCKS = YES;
				GCC_OPTIMIZATION_LEVEL = 0;
				GCC_PREPROCESSOR_DEFINITIONS = (
					"DEBUG=1",
					"$(inherited)",
				);
				GCC_WARN_64_TO_32_BIT_CONVERSION = YES;
				GCC_WARN_ABOUT_RETURN_TYPE = YES_ERROR;
				GCC_WARN_UNDECLARED_SELECTOR = YES;
				GCC_WARN_UNINITIALIZED_AUTOS = YES_AGGRESSIVE;
				GCC_WARN_UNUSED_FUNCTION = YES;
				GCC_WARN_UNUSED_VARIABLE = YES;
				IPHONEOS_DEPLOYMENT_TARGET = 12.1;
				MTL_ENABLE_DEBUG_INFO = INCLUDE_SOURCE;
				MTL_FAST_MATH = YES;
				ONLY_ACTIVE_ARCH = YES;
				SDKROOT = iphoneos;
				SWIFT_ACTIVE_COMPILATION_CONDITIONS = DEBUG;
				SWIFT_OPTIMIZATION_LEVEL = "-Onone";
			};
			name = Debug;
		};
		28E6B83E221227BF00658B9C /* Release */ = {
			isa = XCBuildConfiguration;
			buildSettings = {
				ALWAYS_SEARCH_USER_PATHS = NO;
				CLANG_ANALYZER_NONNULL = YES;
				CLANG_ANALYZER_NUMBER_OBJECT_CONVERSION = YES_AGGRESSIVE;
				CLANG_CXX_LANGUAGE_STANDARD = "gnu++14";
				CLANG_CXX_LIBRARY = "libc++";
				CLANG_ENABLE_MODULES = YES;
				CLANG_ENABLE_OBJC_ARC = YES;
				CLANG_ENABLE_OBJC_WEAK = YES;
				CLANG_WARN_BLOCK_CAPTURE_AUTORELEASING = YES;
				CLANG_WARN_BOOL_CONVERSION = YES;
				CLANG_WARN_COMMA = YES;
				CLANG_WARN_CONSTANT_CONVERSION = YES;
				CLANG_WARN_DEPRECATED_OBJC_IMPLEMENTATIONS = YES;
				CLANG_WARN_DIRECT_OBJC_ISA_USAGE = YES_ERROR;
				CLANG_WARN_DOCUMENTATION_COMMENTS = YES;
				CLANG_WARN_EMPTY_BODY = YES;
				CLANG_WARN_ENUM_CONVERSION = YES;
				CLANG_WARN_INFINITE_RECURSION = YES;
				CLANG_WARN_INT_CONVERSION = YES;
				CLANG_WARN_NON_LITERAL_NULL_CONVERSION = YES;
				CLANG_WARN_OBJC_IMPLICIT_RETAIN_SELF = YES;
				CLANG_WARN_OBJC_LITERAL_CONVERSION = YES;
				CLANG_WARN_OBJC_ROOT_CLASS = YES_ERROR;
				CLANG_WARN_RANGE_LOOP_ANALYSIS = YES;
				CLANG_WARN_STRICT_PROTOTYPES = YES;
				CLANG_WARN_SUSPICIOUS_MOVE = YES;
				CLANG_WARN_UNGUARDED_AVAILABILITY = YES_AGGRESSIVE;
				CLANG_WARN_UNREACHABLE_CODE = YES;
				CLANG_WARN__DUPLICATE_METHOD_MATCH = YES;
				CODE_SIGN_IDENTITY = "iPhone Developer";
				COPY_PHASE_STRIP = NO;
				DEBUG_INFORMATION_FORMAT = "dwarf-with-dsym";
				ENABLE_NS_ASSERTIONS = NO;
				ENABLE_STRICT_OBJC_MSGSEND = YES;
				GCC_C_LANGUAGE_STANDARD = gnu11;
				GCC_NO_COMMON_BLOCKS = YES;
				GCC_WARN_64_TO_32_BIT_CONVERSION = YES;
				GCC_WARN_ABOUT_RETURN_TYPE = YES_ERROR;
				GCC_WARN_UNDECLARED_SELECTOR = YES;
				GCC_WARN_UNINITIALIZED_AUTOS = YES_AGGRESSIVE;
				GCC_WARN_UNUSED_FUNCTION = YES;
				GCC_WARN_UNUSED_VARIABLE = YES;
				IPHONEOS_DEPLOYMENT_TARGET = 12.1;
				MTL_ENABLE_DEBUG_INFO = NO;
				MTL_FAST_MATH = YES;
				SDKROOT = iphoneos;
				SWIFT_COMPILATION_MODE = wholemodule;
				SWIFT_OPTIMIZATION_LEVEL = "-O";
				VALIDATE_PRODUCT = YES;
			};
			name = Release;
		};
		28E6B840221227BF00658B9C /* Debug */ = {
			isa = XCBuildConfiguration;
			baseConfigurationReference = B76C7B66EEC4572EF706644A /* Pods-BFit.debug.xcconfig */;
			buildSettings = {
				ASSETCATALOG_COMPILER_APPICON_NAME = AppIcon;
				CODE_SIGN_STYLE = Automatic;
				DEVELOPMENT_TEAM = 49J4WG62U6;
				INFOPLIST_FILE = BFit/Info.plist;
				LD_RUNPATH_SEARCH_PATHS = (
					"$(inherited)",
					"@executable_path/Frameworks",
				);
				PRODUCT_BUNDLE_IDENTIFIER = "com.jamie-rushford.BFit";
				PRODUCT_NAME = "$(TARGET_NAME)";
				SWIFT_VERSION = 4.2;
				TARGETED_DEVICE_FAMILY = 1;
			};
			name = Debug;
		};
		28E6B841221227BF00658B9C /* Release */ = {
			isa = XCBuildConfiguration;
			baseConfigurationReference = BFA189CA498C22D60C78C24D /* Pods-BFit.release.xcconfig */;
			buildSettings = {
				ASSETCATALOG_COMPILER_APPICON_NAME = AppIcon;
				CODE_SIGN_STYLE = Automatic;
				DEVELOPMENT_TEAM = 49J4WG62U6;
				INFOPLIST_FILE = BFit/Info.plist;
				LD_RUNPATH_SEARCH_PATHS = (
					"$(inherited)",
					"@executable_path/Frameworks",
				);
				PRODUCT_BUNDLE_IDENTIFIER = "com.jamie-rushford.BFit";
				PRODUCT_NAME = "$(TARGET_NAME)";
				SWIFT_VERSION = 4.2;
				TARGETED_DEVICE_FAMILY = 1;
			};
			name = Release;
		};
/* End XCBuildConfiguration section */

/* Begin XCConfigurationList section */
		28E6B828221227BE00658B9C /* Build configuration list for PBXProject "BFit" */ = {
			isa = XCConfigurationList;
			buildConfigurations = (
				28E6B83D221227BF00658B9C /* Debug */,
				28E6B83E221227BF00658B9C /* Release */,
			);
			defaultConfigurationIsVisible = 0;
			defaultConfigurationName = Release;
		};
		28E6B83F221227BF00658B9C /* Build configuration list for PBXNativeTarget "BFit" */ = {
			isa = XCConfigurationList;
			buildConfigurations = (
				28E6B840221227BF00658B9C /* Debug */,
				28E6B841221227BF00658B9C /* Release */,
			);
			defaultConfigurationIsVisible = 0;
			defaultConfigurationName = Release;
		};
/* End XCConfigurationList section */
	};
	rootObject = 28E6B825221227BE00658B9C /* Project object */;
}
